{
  "version": 4,
  "terraform_version": "1.15.1",
  "serial": 35,
  "lineage": "a0b628ef-e58e-a4a4-faf1-16d00c73bbb4",
  "outputs": {
    "alb_dns_name": {
      "value": "url-sh2026050311500755560000000d-633890584.eu-north-1.elb.amazonaws.com",
      "type": "string"
    },
    "ami_used": {
      "value": "ami-0826f7fac3eaaa32a",
      "type": "string"
    },
    "app_url": {
      "value": "http://url-sh2026050311500755560000000d-633890584.eu-north-1.elb.amazonaws.com",
      "type": "string"
    },
    "asg_name": {
      "value": "url-shortener-dev-app-2026050311500756210000000e",
      "type": "string"
    },
    "private_subnets": {
      "value": [
        "subnet-0cdff99c65edd43a5",
        "subnet-062c197e7102633f8"
      ],
      "type": [
        "tuple",
        [
          "string",
          "string"
        ]
      ]
    },
    "public_subnets": {
      "value": [
        "subnet-0879bc93d46374b70",
        "subnet-04c79cb2fe4cde232"
      ],
      "type": [
        "tuple",
        [
          "string",
          "string"
        ]
      ]
    },
    "vpc_id": {
      "value": "vpc-006cfd1f175715fe0",
      "type": "string"
    }
  },
  "resources": [
    {
      "module": "module.compute",
      "mode": "data",
      "type": "aws_ami",
      "name": "ubuntu",
      "provider": "provider[\"registry.terraform.io/hashicorp/aws\"]",
      "instances": [
        {
          "schema_version": 0,
          "attributes": {
            "architecture": "x86_64",
            "arn": "arn:aws:ec2:eu-north-1::image/ami-0826f7fac3eaaa32a",
            "block_device_mappings": [
              {
                "device_name": "/dev/sda1",
                "ebs": {
                  "delete_on_termination": "true",
                  "encrypted": "false",
                  "iops": "0",
                  "snapshot_id": "snap-0d4af8f911343fe8a",
                  "throughput": "0",
                  "volume_initialization_rate": "0",
                  "volume_size": "8",
                  "volume_type": "gp2"
                },
                "no_device": "",
                "virtual_name": ""
              },
              {
                "device_name": "/dev/sdb",
                "ebs": {},
                "no_device": "",
                "virtual_name": "ephemeral0"
              },
              {
                "device_name": "/dev/sdc",
                "ebs": {},
                "no_device": "",
                "virtual_name": "ephemeral1"
              }
            ],
            "boot_mode": "uefi-preferred",
            "creation_date": "2026-05-03T06:53:55.000Z",
            "deprecation_time": "2028-05-03T06:53:55.000Z",
            "description": "Canonical, Ubuntu, 22.04, amd64 jammy image",
            "ena_support": true,
            "executable_users": null,
            "filter": [
              {
                "name": "name",
                "values": [
                  "ubuntu/images/hvm-ssd/ubuntu-jammy-22.04-amd64-server-*"
                ]
              },
              {
                "name": "virtualization-type",
                "values": [
                  "hvm"
                ]
              }
            ],
            "hypervisor": "xen",
            "id": "ami-0826f7fac3eaaa32a",
            "image_id": "ami-0826f7fac3eaaa32a",
            "image_location": "amazon/ubuntu/images/hvm-ssd/ubuntu-jammy-22.04-amd64-server-20260503",
            "image_owner_alias": "amazon",
            "image_type": "machine",
            "imds_support": "",
            "include_deprecated": false,
            "kernel_id": "",
            "last_launched_time": "",
            "most_recent": true,
            "name": "ubuntu/images/hvm-ssd/ubuntu-jammy-22.04-amd64-server-20260503",
            "name_regex": null,
            "owner_id": "099720109477",
            "owners": [
              "099720109477"
            ],
            "platform": "",
            "platform_details": "Linux/UNIX",
            "product_codes": [],
            "public": true,
            "ramdisk_id": "",
            "root_device_name": "/dev/sda1",
            "root_device_type": "ebs",
            "root_snapshot_id": "snap-0d4af8f911343fe8a",
            "sriov_net_support": "simple",
            "state": "available",
            "state_reason": {
              "code": "UNSET",
              "message": "UNSET"
            },
            "tags": {},
            "timeouts": null,
            "tpm_support": "",
            "uefi_data": null,
            "usage_operation": "RunInstances",
            "virtualization_type": "hvm"
          },
          "sensitive_attributes": [],
          "identity_schema_version": 0
        }
      ]
    },
    {
      "module": "module.compute",
      "mode": "managed",
      "type": "aws_autoscaling_group",
      "name": "app",
      "provider": "provider[\"registry.terraform.io/hashicorp/aws\"]",
      "instances": [
        {
          "schema_version": 1,
          "attributes": {
            "arn": "arn:aws:autoscaling:eu-north-1:028597908062:autoScalingGroup:373b7629-cb30-42bf-939f-9bf51103bbc7:autoScalingGroupName/url-shortener-dev-app-2026050311500756210000000e",
            "availability_zone_distribution": [
              {
                "capacity_distribution_strategy": "balanced-best-effort"
              }
            ],
            "availability_zones": [
              "eu-north-1a",
              "eu-north-1b"
            ],
            "capacity_rebalance": false,
            "capacity_reservation_specification": [
              {
                "capacity_reservation_preference": "default",
                "capacity_reservation_target": []
              }
            ],
            "context": "",
            "default_cooldown": 300,
            "default_instance_warmup": 0,
            "desired_capacity": 1,
            "desired_capacity_type": "",
            "enabled_metrics": [],
            "force_delete": false,
            "force_delete_warm_pool": false,
            "health_check_grace_period": 120,
            "health_check_type": "ELB",
            "id": "url-shortener-dev-app-2026050311500756210000000e",
            "ignore_failed_scaling_activities": false,
            "initial_lifecycle_hook": [],
            "instance_maintenance_policy": [],
            "instance_refresh": [
              {
                "preferences": [
                  {
                    "alarm_specification": [],
                    "auto_rollback": false,
                    "checkpoint_delay": "",
                    "checkpoint_percentages": [],
                    "instance_warmup": "",
                    "max_healthy_percentage": 100,
                    "min_healthy_percentage": 50,
                    "scale_in_protected_instances": "Ignore",
                    "skip_matching": false,
                    "standby_instances": "Ignore"
                  }
                ],
                "strategy": "Rolling",
                "triggers": []
              }
            ],
            "launch_configuration": "",
            "launch_template": [
              {
                "id": "lt-0b4aec31fbb513477",
                "name": "url-shortener-dev-app-2026050311495829710000000b",
                "version": "$Latest"
              }
            ],
            "load_balancers": [],
            "max_instance_lifetime": 0,
            "max_size": 2,
            "metrics_granularity": "1Minute",
            "min_elb_capacity": null,
            "min_size": 1,
            "mixed_instances_policy": [],
            "name": "url-shortener-dev-app-2026050311500756210000000e",
            "name_prefix": "url-shortener-dev-app-",
            "placement_group": "",
            "predicted_capacity": 0,
            "protect_from_scale_in": false,
            "service_linked_role_arn": "arn:aws:iam::028597908062:role/aws-service-role/autoscaling.amazonaws.com/AWSServiceRoleForAutoScaling",
            "suspended_processes": [],
            "tag": [
              {
                "key": "CreatedBy",
                "propagate_at_launch": true,
                "value": "Chetan"
              },
              {
                "key": "Environment",
                "propagate_at_launch": true,
                "value": "dev"
              },
              {
                "key": "ManagedBy",
                "propagate_at_launch": true,
                "value": "terraform"
              },
              {
                "key": "Name",
                "propagate_at_launch": true,
                "value": "url-shortener-dev-app"
              },
              {
                "key": "Project",
                "propagate_at_launch": true,
                "value": "url-shortener"
              }
            ],
            "target_group_arns": [
              "arn:aws:elasticloadbalancing:eu-north-1:028597908062:targetgroup/url-sh20260503114953387100000006/3e40240b0f33ca46"
            ],
            "termination_policies": [],
            "timeouts": null,
            "traffic_source": [
              {
                "identifier": "arn:aws:elasticloadbalancing:eu-north-1:028597908062:targetgroup/url-sh20260503114953387100000006/3e40240b0f33ca46",
                "type": "elbv2"
              }
            ],
            "vpc_zone_identifier": [
              "subnet-04c79cb2fe4cde232",
              "subnet-0879bc93d46374b70"
            ],
            "wait_for_capacity_timeout": "10m",
            "wait_for_elb_capacity": null,
            "warm_pool": [],
            "warm_pool_size": 0
          },
          "sensitive_attributes": [],
          "identity_schema_version": 0,
          "private": "eyJlMmJmYjczMC1lY2FhLTExZTYtOGY4OC0zNDM2M2JjN2M0YzAiOnsiZGVsZXRlIjo2MDAwMDAwMDAwMDAsInVwZGF0ZSI6NjAwMDAwMDAwMDAwfSwic2NoZW1hX3ZlcnNpb24iOiIxIn0=",
          "dependencies": [
            "module.compute.aws_iam_instance_profile.app",
            "module.compute.aws_iam_role.app",
            "module.compute.aws_launch_template.app",
            "module.compute.data.aws_ami.ubuntu",
            "module.loadbalancer.aws_lb_target_group.app",
            "module.security.aws_security_group.alb",
            "module.security.aws_security_group.app",
            "module.vpc.aws_subnet.public",
            "module.vpc.aws_vpc.main"
          ],
          "create_before_destroy": true
        }
      ]
    },
    {
      "module": "module.compute",
      "mode": "managed",
      "type": "aws_autoscaling_policy",
      "name": "scale_down",
      "provider": "provider[\"registry.terraform.io/hashicorp/aws\"]",
      "instances": [
        {
          "schema_version": 0,
          "attributes": {
            "adjustment_type": "ChangeInCapacity",
            "arn": "arn:aws:autoscaling:eu-north-1:028597908062:scalingPolicy:ec1ac877-6bb3-4f90-88d1-f4f5019788cb:autoScalingGroupName/url-shortener-dev-app-2026050311500756210000000e:policyName/url-shortener-dev-scale-down",
            "autoscaling_group_name": "url-shortener-dev-app-2026050311500756210000000e",
            "cooldown": 300,
            "enabled": true,
            "estimated_instance_warmup": 0,
            "id": "url-shortener-dev-scale-down",
            "metric_aggregation_type": "",
            "min_adjustment_magnitude": 0,
            "name": "url-shortener-dev-scale-down",
            "policy_type": "SimpleScaling",
            "predictive_scaling_configuration": [],
            "scaling_adjustment": -1,
            "step_adjustment": [],
            "target_tracking_configuration": []
          },
          "sensitive_attributes": [],
          "identity_schema_version": 0,
          "private": "bnVsbA==",
          "dependencies": [
            "module.compute.aws_autoscaling_group.app",
            "module.compute.aws_iam_instance_profile.app",
            "module.compute.aws_iam_role.app",
            "module.compute.aws_launch_template.app",
            "module.compute.data.aws_ami.ubuntu",
            "module.loadbalancer.aws_lb_target_group.app",
            "module.security.aws_security_group.alb",
            "module.security.aws_security_group.app",
            "module.vpc.aws_subnet.public",
            "module.vpc.aws_vpc.main"
          ]
        }
      ]
    },
    {
      "module": "module.compute",
      "mode": "managed",
      "type": "aws_autoscaling_policy",
      "name": "scale_up",
      "provider": "provider[\"registry.terraform.io/hashicorp/aws\"]",
      "instances": [
        {
          "schema_version": 0,
          "attributes": {
            "adjustment_type": "ChangeInCapacity",
            "arn": "arn:aws:autoscaling:eu-north-1:028597908062:scalingPolicy:53b5e472-f166-4cef-8d99-db7e11190c1c:autoScalingGroupName/url-shortener-dev-app-2026050311500756210000000e:policyName/url-shortener-dev-scale-up",
            "autoscaling_group_name": "url-shortener-dev-app-2026050311500756210000000e",
            "cooldown": 300,
            "enabled": true,
            "estimated_instance_warmup": 0,
            "id": "url-shortener-dev-scale-up",
            "metric_aggregation_type": "",
            "min_adjustment_magnitude": 0,
            "name": "url-shortener-dev-scale-up",
            "policy_type": "SimpleScaling",
            "predictive_scaling_configuration": [],
            "scaling_adjustment": 1,
            "step_adjustment": [],
            "target_tracking_configuration": []
          },
          "sensitive_attributes": [],
          "identity_schema_version": 0,
          "private": "bnVsbA==",
          "dependencies": [
            "module.compute.aws_autoscaling_group.app",
            "module.compute.aws_iam_instance_profile.app",
            "module.compute.aws_iam_role.app",
            "module.compute.aws_launch_template.app",
            "module.compute.data.aws_ami.ubuntu",
            "module.loadbalancer.aws_lb_target_group.app",
            "module.security.aws_security_group.alb",
            "module.security.aws_security_group.app",
            "module.vpc.aws_subnet.public",
            "module.vpc.aws_vpc.main"
          ]
        }
      ]
    },
    {
      "module": "module.compute",
      "mode": "managed",
      "type": "aws_cloudwatch_metric_alarm",
      "name": "cpu_high",
      "provider": "provider[\"registry.terraform.io/hashicorp/aws\"]",
      "instances": [
        {
          "schema_version": 1,
          "attributes": {
            "actions_enabled": true,
            "alarm_actions": [
              "arn:aws:autoscaling:eu-north-1:028597908062:scalingPolicy:53b5e472-f166-4cef-8d99-db7e11190c1c:autoScalingGroupName/url-shortener-dev-app-2026050311500756210000000e:policyName/url-shortener-dev-scale-up"
            ],
            "alarm_description": "Scale up when CPU \u003e 70%",
            "alarm_name": "url-shortener-dev-cpu-high",
            "arn": "arn:aws:cloudwatch:eu-north-1:028597908062:alarm:url-shortener-dev-cpu-high",
            "comparison_operator": "GreaterThanThreshold",
            "datapoints_to_alarm": 0,
            "dimensions": {
              "AutoScalingGroupName": "url-shortener-dev-app-2026050311500756210000000e"
            },
            "evaluate_low_sample_count_percentiles": "",
            "evaluation_periods": 2,
            "extended_statistic": "",
            "id": "url-shortener-dev-cpu-high",
            "insufficient_data_actions": [],
            "metric_name": "CPUUtilization",
            "metric_query": [],
            "namespace": "AWS/EC2",
            "ok_actions": [],
            "period": 120,
            "statistic": "Average",
            "tags": {},
            "tags_all": {
              "CreatedBy": "Chetan",
              "Environment": "dev",
              "ManagedBy": "terraform",
              "Project": "url-shortener"
            },
            "threshold": 70,
            "threshold_metric_id": "",
            "treat_missing_data": "missing",
            "unit": ""
          },
          "sensitive_attributes": [],
          "identity_schema_version": 0,
          "private": "eyJzY2hlbWFfdmVyc2lvbiI6IjEifQ==",
          "dependencies": [
            "module.compute.aws_autoscaling_group.app",
            "module.compute.aws_autoscaling_policy.scale_up",
            "module.compute.aws_iam_instance_profile.app",
            "module.compute.aws_iam_role.app",
            "module.compute.aws_launch_template.app",
            "module.compute.data.aws_ami.ubuntu",
            "module.loadbalancer.aws_lb_target_group.app",
            "module.security.aws_security_group.alb",
            "module.security.aws_security_group.app",
            "module.vpc.aws_subnet.public",
            "module.vpc.aws_vpc.main"
          ]
        }
      ]
    },
    {
      "module": "module.compute",
      "mode": "managed",
      "type": "aws_cloudwatch_metric_alarm",
      "name": "cpu_low",
      "provider": "provider[\"registry.terraform.io/hashicorp/aws\"]",
      "instances": [
        {
          "schema_version": 1,
          "attributes": {
            "actions_enabled": true,
            "alarm_actions": [
              "arn:aws:autoscaling:eu-north-1:028597908062:scalingPolicy:ec1ac877-6bb3-4f90-88d1-f4f5019788cb:autoScalingGroupName/url-shortener-dev-app-2026050311500756210000000e:policyName/url-shortener-dev-scale-down"
            ],
            "alarm_description": "Scale down when CPU \u003c 30%",
            "alarm_name": "url-shortener-dev-cpu-low",
            "arn": "arn:aws:cloudwatch:eu-north-1:028597908062:alarm:url-shortener-dev-cpu-low",
            "comparison_operator": "LessThanThreshold",
            "datapoints_to_alarm": 0,
            "dimensions": {
              "AutoScalingGroupName": "url-shortener-dev-app-2026050311500756210000000e"
            },
            "evaluate_low_sample_count_percentiles": "",
            "evaluation_periods": 2,
            "extended_statistic": "",
            "id": "url-shortener-dev-cpu-low",
            "insufficient_data_actions": [],
            "metric_name": "CPUUtilization",
            "metric_query": [],
            "namespace": "AWS/EC2",
            "ok_actions": [],
            "period": 120,
            "statistic": "Average",
            "tags": {},
            "tags_all": {
              "CreatedBy": "Chetan",
              "Environment": "dev",
              "ManagedBy": "terraform",
              "Project": "url-shortener"
            },
            "threshold": 30,
            "threshold_metric_id": "",
            "treat_missing_data": "missing",
            "unit": ""
          },
          "sensitive_attributes": [],
          "identity_schema_version": 0,
          "private": "eyJzY2hlbWFfdmVyc2lvbiI6IjEifQ==",
          "dependencies": [
            "module.compute.aws_autoscaling_group.app",
            "module.compute.aws_autoscaling_policy.scale_down",
            "module.compute.aws_iam_instance_profile.app",
            "module.compute.aws_iam_role.app",
            "module.compute.aws_launch_template.app",
            "module.compute.data.aws_ami.ubuntu",
            "module.loadbalancer.aws_lb_target_group.app",
            "module.security.aws_security_group.alb",
            "module.security.aws_security_group.app",
            "module.vpc.aws_subnet.public",
            "module.vpc.aws_vpc.main"
          ]
        }
      ]
    },
    {
      "module": "module.compute",
      "mode": "managed",
      "type": "aws_iam_instance_profile",
      "name": "app",
      "provider": "provider[\"registry.terraform.io/hashicorp/aws\"]",
      "instances": [
        {
          "schema_version": 0,
          "attributes": {
            "arn": "arn:aws:iam::028597908062:instance-profile/url-shortener-dev-app-20260503114942631300000002",
            "create_date": "2026-05-03T11:49:43Z",
            "id": "url-shortener-dev-app-20260503114942631300000002",
            "name": "url-shortener-dev-app-20260503114942631300000002",
            "name_prefix": "url-shortener-dev-app-",
            "path": "/",
            "role": "url-shortener-dev-app-20260503114941670400000001",
            "tags": {},
            "tags_all": {
              "CreatedBy": "Chetan",
              "Environment": "dev",
              "ManagedBy": "terraform",
              "Project": "url-shortener"
            },
            "unique_id": "AIPAQNKEROJPK4OD2ZB2O"
          },
          "sensitive_attributes": [],
          "identity_schema_version": 0,
          "private": "bnVsbA==",
          "dependencies": [
            "module.compute.aws_iam_role.app"
          ],
          "create_before_destroy": true
        }
      ]
    },
    {
      "module": "module.compute",
      "mode": "managed",
      "type": "aws_iam_role",
      "name": "app",
      "provider": "provider[\"registry.terraform.io/hashicorp/aws\"]",
      "instances": [
        {
          "schema_version": 0,
          "attributes": {
            "arn": "arn:aws:iam::028597908062:role/url-shortener-dev-app-20260503114941670400000001",
            "assume_role_policy": "{\"Statement\":[{\"Action\":\"sts:AssumeRole\",\"Effect\":\"Allow\",\"Principal\":{\"Service\":\"ec2.amazonaws.com\"}}],\"Version\":\"2012-10-17\"}",
            "create_date": "2026-05-03T11:49:42Z",
            "description": "",
            "force_detach_policies": false,
            "id": "url-shortener-dev-app-20260503114941670400000001",
            "inline_policy": [],
            "managed_policy_arns": [
              "arn:aws:iam::aws:policy/AmazonEC2ContainerRegistryReadOnly",
              "arn:aws:iam::aws:policy/AmazonSSMManagedInstanceCore"
            ],
            "max_session_duration": 3600,
            "name": "url-shortener-dev-app-20260503114941670400000001",
            "name_prefix": "url-shortener-dev-app-",
            "path": "/",
            "permissions_boundary": "",
            "tags": {
              "CreatedBy": "Chetan",
              "Environment": "dev",
              "ManagedBy": "terraform",
              "Project": "url-shortener"
            },
            "tags_all": {
              "CreatedBy": "Chetan",
              "Environment": "dev",
              "ManagedBy": "terraform",
              "Project": "url-shortener"
            },
            "unique_id": "AROAQNKEROJPGRA2EHYU4"
          },
          "sensitive_attributes": [],
          "identity_schema_version": 0,
          "private": "bnVsbA==",
          "create_before_destroy": true
        }
      ]
    },
    {
      "module": "module.compute",
      "mode": "managed",
      "type": "aws_iam_role_policy_attachment",
      "name": "ecr",
      "provider": "provider[\"registry.terraform.io/hashicorp/aws\"]",
      "instances": [
        {
          "schema_version": 0,
          "attributes": {
            "id": "url-shortener-dev-app-20260503114941670400000001-20260503114942847800000003",
            "policy_arn": "arn:aws:iam::aws:policy/AmazonEC2ContainerRegistryReadOnly",
            "role": "url-shortener-dev-app-20260503114941670400000001"
          },
          "sensitive_attributes": [],
          "identity_schema_version": 0,
          "private": "bnVsbA==",
          "dependencies": [
            "module.compute.aws_iam_role.app"
          ]
        }
      ]
    },
    {
      "module": "module.compute",
      "mode": "managed",
      "type": "aws_iam_role_policy_attachment",
      "name": "ssm",
      "provider": "provider[\"registry.terraform.io/hashicorp/aws\"]",
      "instances": [
        {
          "schema_version": 0,
          "attributes": {
            "id": "url-shortener-dev-app-20260503114941670400000001-20260503114943056800000004",
            "policy_arn": "arn:aws:iam::aws:policy/AmazonSSMManagedInstanceCore",
            "role": "url-shortener-dev-app-20260503114941670400000001"
          },
          "sensitive_attributes": [],
          "identity_schema_version": 0,
          "private": "bnVsbA==",
          "dependencies": [
            "module.compute.aws_iam_role.app"
          ]
        }
      ]
    },
    {
      "module": "module.compute",
      "mode": "managed",
      "type": "aws_launch_template",
      "name": "app",
      "provider": "provider[\"registry.terraform.io/hashicorp/aws\"]",
      "instances": [
        {
          "schema_version": 0,
          "attributes": {
            "arn": "arn:aws:ec2:eu-north-1:028597908062:launch-template/lt-0b4aec31fbb513477",
            "block_device_mappings": [],
            "capacity_reservation_specification": [],
            "cpu_options": [],
            "credit_specification": [],
            "default_version": 1,
            "description": "",
            "disable_api_stop": false,
            "disable_api_termination": false,
            "ebs_optimized": "",
            "elastic_gpu_specifications": [],
            "elastic_inference_accelerator": [],
            "enclave_options": [],
            "hibernation_options": [],
            "iam_instance_profile": [
              {
                "arn": "",
                "name": "url-shortener-dev-app-20260503114942631300000002"
              }
            ],
            "id": "lt-0b4aec31fbb513477",
            "image_id": "ami-0826f7fac3eaaa32a",
            "instance_initiated_shutdown_behavior": "",
            "instance_market_options": [],
            "instance_requirements": [],
            "instance_type": "t3.micro",
            "kernel_id": "",
            "key_name": "",
            "latest_version": 1,
            "license_specification": [],
            "maintenance_options": [],
            "metadata_options": [],
            "monitoring": [],
            "name": "url-shortener-dev-app-2026050311495829710000000b",
            "name_prefix": "url-shortener-dev-app-",
            "network_interfaces": [
              {
                "associate_carrier_ip_address": "",
                "associate_public_ip_address": "true",
                "connection_tracking_specification": [],
                "delete_on_termination": "true",
                "description": "",
                "device_index": 0,
                "ena_srd_specification": [],
                "interface_type": "",
                "ipv4_address_count": 0,
                "ipv4_addresses": [],
                "ipv4_prefix_count": 0,
                "ipv4_prefixes": [],
                "ipv6_address_count": 0,
                "ipv6_addresses": [],
                "ipv6_prefix_count": 0,
                "ipv6_prefixes": [],
                "network_card_index": 0,
                "network_interface_id": "",
                "primary_ipv6": "",
                "private_ip_address": "",
                "security_groups": [
                  "sg-048238ac741b4e113"
                ],
                "subnet_id": ""
              }
            ],
            "placement": [],
            "private_dns_name_options": [],
            "ram_disk_id": "",
            "security_group_names": [],
            "tag_specifications": [
              {
                "resource_type": "instance",
                "tags": {
                  "CreatedBy": "Chetan",
                  "Environment": "dev",
                  "ManagedBy": "terraform",
                  "Name": "url-shortener-dev-app",
                  "Project": "url-shortener"
                }
              },
              {
                "resource_type": "volume",
                "tags": {
                  "CreatedBy": "Chetan",
                  "Environment": "dev",
                  "ManagedBy": "terraform",
                  "Name": "url-shortener-dev-app-volume",
                  "Project": "url-shortener"
                }
              }
            ],
            "tags": {},
            "tags_all": {
              "CreatedBy": "Chetan",
              "Environment": "dev",
              "ManagedBy": "terraform",
              "Project": "url-shortener"
            },
            "update_default_version": null,
            "user_data": "IyEvYmluL2Jhc2gKc2V0IC1lCmV4ZWMgPiA+KHRlZSAvdmFyL2xvZy91c2VyLWRhdGEubG9nKSAyPiYxCgplY2hvICI9PT0gSW5zdGFsbGluZyBEb2NrZXIgPT09IgphcHQtZ2V0IHVwZGF0ZSAteQphcHQtZ2V0IGluc3RhbGwgLXkgY2EtY2VydGlmaWNhdGVzIGN1cmwgZ251cGcKaW5zdGFsbCAtbSAwNzU1IC1kIC9ldGMvYXB0L2tleXJpbmdzCmN1cmwgLWZzU0wgaHR0cHM6Ly9kb3dubG9hZC5kb2NrZXIuY29tL2xpbnV4L3VidW50dS9ncGcgXAogIHwgZ3BnIC0tZGVhcm1vciAtbyAvZXRjL2FwdC9rZXlyaW5ncy9kb2NrZXIuZ3BnCmNobW9kIGErciAvZXRjL2FwdC9rZXlyaW5ncy9kb2NrZXIuZ3BnCmVjaG8gImRlYiBbYXJjaD0kKGRwa2cgLS1wcmludC1hcmNoaXRlY3R1cmUpIFwKICBzaWduZWQtYnk9L2V0Yy9hcHQva2V5cmluZ3MvZG9ja2VyLmdwZ10gXAogIGh0dHBzOi8vZG93bmxvYWQuZG9ja2VyLmNvbS9saW51eC91YnVudHUgXAogICQoLiAvZXRjL29zLXJlbGVhc2UgJiYgZWNobyAiJFZFUlNJT05fQ09ERU5BTUUiKSBzdGFibGUiIFwKICB8IHRlZSAvZXRjL2FwdC9zb3VyY2VzLmxpc3QuZC9kb2NrZXIubGlzdCA+IC9kZXYvbnVsbAphcHQtZ2V0IHVwZGF0ZSAteQphcHQtZ2V0IGluc3RhbGwgLXkgZG9ja2VyLWNlIGRvY2tlci1jZS1jbGkgY29udGFpbmVyZC5pbwp1c2VybW9kIC1hRyBkb2NrZXIgdWJ1bnR1CnN5c3RlbWN0bCBlbmFibGUgZG9ja2VyCnN5c3RlbWN0bCBzdGFydCBkb2NrZXIKCmVjaG8gIj09PSBTdGFydGluZyBVUkwgU2hvcnRlbmVyID09PSIKZG9ja2VyIHJ1biAtZCBcCiAgLS1uYW1lIHVybC1zaG9ydGVuZXIgXAogIC0tcmVzdGFydCB1bmxlc3Mtc3RvcHBlZCBcCiAgLXAgODAwMDo4MDAwIFwKICAtZSBSRURJU19IT1NUPSJsb2NhbGhvc3QiIFwKICAtZSBSRURJU19QT1JUPSI2Mzc5IiBcCiAgLWUgQVBQX0VOVj0iZGV2IiBcCiAgZ2hjci5pby9wYW5jaGUyMC91cmwtc2hvcnRlbmVyOnYxLjAuNAoKZWNobyAiPT09IERvbmUgPT09Igo=",
            "vpc_security_group_ids": []
          },
          "sensitive_attributes": [],
          "identity_schema_version": 0,
          "private": "bnVsbA==",
          "dependencies": [
            "module.compute.aws_iam_instance_profile.app",
            "module.compute.aws_iam_role.app",
            "module.compute.data.aws_ami.ubuntu",
            "module.security.aws_security_group.alb",
            "module.security.aws_security_group.app",
            "module.vpc.aws_vpc.main"
          ],
          "create_before_destroy": true
        }
      ]
    },
    {
      "module": "module.loadbalancer",
      "mode": "managed",
      "type": "aws_lb",
      "name": "main",
      "provider": "provider[\"registry.terraform.io/hashicorp/aws\"]",
      "instances": [
        {
          "schema_version": 0,
          "attributes": {
            "access_logs": [
              {
                "bucket": "",
                "enabled": false,
                "prefix": ""
              }
            ],
            "arn": "arn:aws:elasticloadbalancing:eu-north-1:028597908062:loadbalancer/app/url-sh2026050311500755560000000d/80ae4e5527c4a8f5",
            "arn_suffix": "app/url-sh2026050311500755560000000d/80ae4e5527c4a8f5",
            "client_keep_alive": 3600,
            "connection_logs": [
              {
                "bucket": "",
                "enabled": false,
                "prefix": ""
              }
            ],
            "customer_owned_ipv4_pool": "",
            "desync_mitigation_mode": "defensive",
            "dns_name": "url-sh2026050311500755560000000d-633890584.eu-north-1.elb.amazonaws.com",
            "dns_record_client_routing_policy": null,
            "drop_invalid_header_fields": false,
            "enable_cross_zone_load_balancing": true,
            "enable_deletion_protection": false,
            "enable_http2": true,
            "enable_tls_version_and_cipher_suite_headers": false,
            "enable_waf_fail_open": false,
            "enable_xff_client_port": false,
            "enable_zonal_shift": false,
            "enforce_security_group_inbound_rules_on_private_link_traffic": "",
            "id": "arn:aws:elasticloadbalancing:eu-north-1:028597908062:loadbalancer/app/url-sh2026050311500755560000000d/80ae4e5527c4a8f5",
            "idle_timeout": 60,
            "internal": false,
            "ip_address_type": "ipv4",
            "ipam_pools": [],
            "load_balancer_type": "application",
            "minimum_load_balancer_capacity": [],
            "name": "url-sh2026050311500755560000000d",
            "name_prefix": "url-sh",
            "preserve_host_header": false,
            "security_groups": [
              "sg-03fbc2a56a9324255"
            ],
            "subnet_mapping": [
              {
                "allocation_id": "",
                "ipv6_address": "",
                "outpost_id": "",
                "private_ipv4_address": "",
                "subnet_id": "subnet-04c79cb2fe4cde232"
              },
              {
                "allocation_id": "",
                "ipv6_address": "",
                "outpost_id": "",
                "private_ipv4_address": "",
                "subnet_id": "subnet-0879bc93d46374b70"
              }
            ],
            "subnets": [
              "subnet-04c79cb2fe4cde232",
              "subnet-0879bc93d46374b70"
            ],
            "tags": {
              "CreatedBy": "Chetan",
              "Environment": "dev",
              "ManagedBy": "terraform",
              "Name": "url-shortener-dev-alb",
              "Project": "url-shortener"
            },
            "tags_all": {
              "CreatedBy": "Chetan",
              "Environment": "dev",
              "ManagedBy": "terraform",
              "Name": "url-shortener-dev-alb",
              "Project": "url-shortener"
            },
            "timeouts": null,
            "vpc_id": "vpc-006cfd1f175715fe0",
            "xff_header_processing_mode": "append",
            "zone_id": "Z23TAZ6LKFMNIO"
          },
          "sensitive_attributes": [],
          "identity_schema_version": 0,
          "private": "eyJlMmJmYjczMC1lY2FhLTExZTYtOGY4OC0zNDM2M2JjN2M0YzAiOnsiY3JlYXRlIjo2MDAwMDAwMDAwMDAsImRlbGV0ZSI6NjAwMDAwMDAwMDAwLCJ1cGRhdGUiOjYwMDAwMDAwMDAwMH19",
          "dependencies": [
            "module.security.aws_security_group.alb",
            "module.vpc.aws_subnet.public",
            "module.vpc.aws_vpc.main"
          ]
        }
      ]
    },
    {
      "module": "module.loadbalancer",
      "mode": "managed",
      "type": "aws_lb_listener",
      "name": "http_direct",
      "provider": "provider[\"registry.terraform.io/hashicorp/aws\"]",
      "instances": [
        {
          "index_key": 0,
          "schema_version": 0,
          "attributes": {
            "alpn_policy": null,
            "arn": "arn:aws:elasticloadbalancing:eu-north-1:028597908062:listener/app/url-sh2026050311500755560000000d/80ae4e5527c4a8f5/00628de30a91846a",
            "certificate_arn": null,
            "default_action": [
              {
                "authenticate_cognito": [],
                "authenticate_oidc": [],
                "fixed_response": [],
                "forward": [],
                "order": 1,
                "redirect": [],
                "target_group_arn": "arn:aws:elasticloadbalancing:eu-north-1:028597908062:targetgroup/url-sh20260503114953387100000006/3e40240b0f33ca46",
                "type": "forward"
              }
            ],
            "id": "arn:aws:elasticloadbalancing:eu-north-1:028597908062:listener/app/url-sh2026050311500755560000000d/80ae4e5527c4a8f5/00628de30a91846a",
            "load_balancer_arn": "arn:aws:elasticloadbalancing:eu-north-1:028597908062:loadbalancer/app/url-sh2026050311500755560000000d/80ae4e5527c4a8f5",
            "mutual_authentication": [],
            "port": 80,
            "protocol": "HTTP",
            "routing_http_request_x_amzn_mtls_clientcert_header_name": null,
            "routing_http_request_x_amzn_mtls_clientcert_issuer_header_name": null,
            "routing_http_request_x_amzn_mtls_clientcert_leaf_header_name": null,
            "routing_http_request_x_amzn_mtls_clientcert_serial_number_header_name": null,
            "routing_http_request_x_amzn_mtls_clientcert_subject_header_name": null,
            "routing_http_request_x_amzn_mtls_clientcert_validity_header_name": null,
            "routing_http_request_x_amzn_tls_cipher_suite_header_name": null,
            "routing_http_request_x_amzn_tls_version_header_name": null,
            "routing_http_response_access_control_allow_credentials_header_value": "",
            "routing_http_response_access_control_allow_headers_header_value": "",
            "routing_http_response_access_control_allow_methods_header_value": "",
            "routing_http_response_access_control_allow_origin_header_value": "",
            "routing_http_response_access_control_expose_headers_header_value": "",
            "routing_http_response_access_control_max_age_header_value": "",
            "routing_http_response_content_security_policy_header_value": "",
            "routing_http_response_server_enabled": true,
            "routing_http_response_strict_transport_security_header_value": "",
            "routing_http_response_x_content_type_options_header_value": "",
            "routing_http_response_x_frame_options_header_value": "",
            "ssl_policy": "",
            "tags": {},
            "tags_all": {
              "CreatedBy": "Chetan",
              "Environment": "dev",
              "ManagedBy": "terraform",
              "Project": "url-shortener"
            },
            "tcp_idle_timeout_seconds": null,
            "timeouts": null
          },
          "sensitive_attributes": [],
          "identity_schema_version": 0,
          "private": "eyJlMmJmYjczMC1lY2FhLTExZTYtOGY4OC0zNDM2M2JjN2M0YzAiOnsiY3JlYXRlIjozMDAwMDAwMDAwMDAsInVwZGF0ZSI6MzAwMDAwMDAwMDAwfX0=",
          "dependencies": [
            "module.loadbalancer.aws_lb.main",
            "module.loadbalancer.aws_lb_target_group.app",
            "module.security.aws_security_group.alb",
            "module.vpc.aws_subnet.public",
            "module.vpc.aws_vpc.main"
          ]
        }
      ]
    },
    {
      "module": "module.loadbalancer",
      "mode": "managed",
      "type": "aws_lb_target_group",
      "name": "app",
      "provider": "provider[\"registry.terraform.io/hashicorp/aws\"]",
      "instances": [
        {
          "schema_version": 0,
          "attributes": {
            "arn": "arn:aws:elasticloadbalancing:eu-north-1:028597908062:targetgroup/url-sh20260503114953387100000006/3e40240b0f33ca46",
            "arn_suffix": "targetgroup/url-sh20260503114953387100000006/3e40240b0f33ca46",
            "connection_termination": null,
            "deregistration_delay": "300",
            "health_check": [
              {
                "enabled": true,
                "healthy_threshold": 2,
                "interval": 30,
                "matcher": "200",
                "path": "/health",
                "port": "traffic-port",
                "protocol": "HTTP",
                "timeout": 5,
                "unhealthy_threshold": 3
              }
            ],
            "id": "arn:aws:elasticloadbalancing:eu-north-1:028597908062:targetgroup/url-sh20260503114953387100000006/3e40240b0f33ca46",
            "ip_address_type": "ipv4",
            "lambda_multi_value_headers_enabled": false,
            "load_balancer_arns": [
              "arn:aws:elasticloadbalancing:eu-north-1:028597908062:loadbalancer/app/url-sh2026050311500755560000000d/80ae4e5527c4a8f5"
            ],
            "load_balancing_algorithm_type": "round_robin",
            "load_balancing_anomaly_mitigation": "off",
            "load_balancing_cross_zone_enabled": "use_load_balancer_configuration",
            "name": "url-sh20260503114953387100000006",
            "name_prefix": "url-sh",
            "port": 8000,
            "preserve_client_ip": null,
            "protocol": "HTTP",
            "protocol_version": "HTTP1",
            "proxy_protocol_v2": false,
            "slow_start": 0,
            "stickiness": [
              {
                "cookie_duration": 86400,
                "cookie_name": "",
                "enabled": false,
                "type": "lb_cookie"
              }
            ],
            "tags": {
              "CreatedBy": "Chetan",
              "Environment": "dev",
              "ManagedBy": "terraform",
              "Name": "url-shortener-dev-tg",
              "Project": "url-shortener"
            },
            "tags_all": {
              "CreatedBy": "Chetan",
              "Environment": "dev",
              "ManagedBy": "terraform",
              "Name": "url-shortener-dev-tg",
              "Project": "url-shortener"
            },
            "target_failover": [
              {
                "on_deregistration": null,
                "on_unhealthy": null
              }
            ],
            "target_group_health": [
              {
                "dns_failover": [
                  {
                    "minimum_healthy_targets_count": "1",
                    "minimum_healthy_targets_percentage": "off"
                  }
                ],
                "unhealthy_state_routing": [
                  {
                    "minimum_healthy_targets_count": 1,
                    "minimum_healthy_targets_percentage": "off"
                  }
                ]
              }
            ],
            "target_health_state": [
              {
                "enable_unhealthy_connection_termination": null,
                "unhealthy_draining_interval": null
              }
            ],
            "target_type": "instance",
            "vpc_id": "vpc-006cfd1f175715fe0"
          },
          "sensitive_attributes": [],
          "identity_schema_version": 0,
          "private": "bnVsbA==",
          "dependencies": [
            "module.vpc.aws_vpc.main"
          ],
          "create_before_destroy": true
        }
      ]
    },
    {
      "module": "module.security",
      "mode": "managed",
      "type": "aws_security_group",
      "name": "alb",
      "provider": "provider[\"registry.terraform.io/hashicorp/aws\"]",
      "instances": [
        {
          "schema_version": 1,
          "attributes": {
            "arn": "arn:aws:ec2:eu-north-1:028597908062:security-group/sg-03fbc2a56a9324255",
            "description": "Allow HTTP/HTTPS from internet",
            "egress": [
              {
                "cidr_blocks": [
                  "0.0.0.0/0"
                ],
                "description": "All outbound",
                "from_port": 0,
                "ipv6_cidr_blocks": [],
                "prefix_list_ids": [],
                "protocol": "-1",
                "security_groups": [],
                "self": false,
                "to_port": 0
              }
            ],
            "id": "sg-03fbc2a56a9324255",
            "ingress": [
              {
                "cidr_blocks": [
                  "0.0.0.0/0"
                ],
                "description": "HTTP from internet",
                "from_port": 80,
                "ipv6_cidr_blocks": [],
                "prefix_list_ids": [],
                "protocol": "tcp",
                "security_groups": [],
                "self": false,
                "to_port": 80
              },
              {
                "cidr_blocks": [
                  "0.0.0.0/0"
                ],
                "description": "HTTPS from internet",
                "from_port": 443,
                "ipv6_cidr_blocks": [],
                "prefix_list_ids": [],
                "protocol": "tcp",
                "security_groups": [],
                "self": false,
                "to_port": 443
              }
            ],
            "name": "url-shortener-dev-alb-20260503114953387500000007",
            "name_prefix": "url-shortener-dev-alb-",
            "owner_id": "028597908062",
            "revoke_rules_on_delete": false,
            "tags": {
              "CreatedBy": "Chetan",
              "Environment": "dev",
              "ManagedBy": "terraform",
              "Name": "url-shortener-dev-alb-sg",
              "Project": "url-shortener"
            },
            "tags_all": {
              "CreatedBy": "Chetan",
              "Environment": "dev",
              "ManagedBy": "terraform",
              "Name": "url-shortener-dev-alb-sg",
              "Project": "url-shortener"
            },
            "timeouts": null,
            "vpc_id": "vpc-006cfd1f175715fe0"
          },
          "sensitive_attributes": [],
          "identity_schema_version": 0,
          "private": "eyJlMmJmYjczMC1lY2FhLTExZTYtOGY4OC0zNDM2M2JjN2M0YzAiOnsiY3JlYXRlIjo2MDAwMDAwMDAwMDAsImRlbGV0ZSI6OTAwMDAwMDAwMDAwfSwic2NoZW1hX3ZlcnNpb24iOiIxIn0=",
          "dependencies": [
            "module.vpc.aws_vpc.main"
          ],
          "create_before_destroy": true
        }
      ]
    },
    {
      "module": "module.security",
      "mode": "managed",
      "type": "aws_security_group",
      "name": "app",
      "provider": "provider[\"registry.terraform.io/hashicorp/aws\"]",
      "instances": [
        {
          "schema_version": 1,
          "attributes": {
            "arn": "arn:aws:ec2:eu-north-1:028597908062:security-group/sg-048238ac741b4e113",
            "description": "Allow traffic from ALB only",
            "egress": [
              {
                "cidr_blocks": [
                  "0.0.0.0/0"
                ],
                "description": "",
                "from_port": 0,
                "ipv6_cidr_blocks": [],
                "prefix_list_ids": [],
                "protocol": "-1",
                "security_groups": [],
                "self": false,
                "to_port": 0
              }
            ],
            "id": "sg-048238ac741b4e113",
            "ingress": [
              {
                "cidr_blocks": [
                  "0.0.0.0/0"
                ],
                "description": "SSH access",
                "from_port": 22,
                "ipv6_cidr_blocks": [],
                "prefix_list_ids": [],
                "protocol": "tcp",
                "security_groups": [],
                "self": false,
                "to_port": 22
              },
              {
                "cidr_blocks": [],
                "description": "App port from ALB only",
                "from_port": 8000,
                "ipv6_cidr_blocks": [],
                "prefix_list_ids": [],
                "protocol": "tcp",
                "security_groups": [
                  "sg-03fbc2a56a9324255"
                ],
                "self": false,
                "to_port": 8000
              }
            ],
            "name": "url-shortener-dev-app-20260503114956065800000009",
            "name_prefix": "url-shortener-dev-app-",
            "owner_id": "028597908062",
            "revoke_rules_on_delete": false,
            "tags": {
              "CreatedBy": "Chetan",
              "Environment": "dev",
              "ManagedBy": "terraform",
              "Name": "url-shortener-dev-app-sg",
              "Project": "url-shortener"
            },
            "tags_all": {
              "CreatedBy": "Chetan",
              "Environment": "dev",
              "ManagedBy": "terraform",
              "Name": "url-shortener-dev-app-sg",
              "Project": "url-shortener"
            },
            "timeouts": null,
            "vpc_id": "vpc-006cfd1f175715fe0"
          },
          "sensitive_attributes": [],
          "identity_schema_version": 0,
          "private": "eyJlMmJmYjczMC1lY2FhLTExZTYtOGY4OC0zNDM2M2JjN2M0YzAiOnsiY3JlYXRlIjo2MDAwMDAwMDAwMDAsImRlbGV0ZSI6OTAwMDAwMDAwMDAwfSwic2NoZW1hX3ZlcnNpb24iOiIxIn0=",
          "dependencies": [
            "module.security.aws_security_group.alb",
            "module.vpc.aws_vpc.main"
          ],
          "create_before_destroy": true
        }
      ]
    },
    {
      "module": "module.security",
      "mode": "managed",
      "type": "aws_security_group",
      "name": "redis",
      "provider": "provider[\"registry.terraform.io/hashicorp/aws\"]",
      "instances": [
        {
          "schema_version": 1,
          "attributes": {
            "arn": "arn:aws:ec2:eu-north-1:028597908062:security-group/sg-0520c7162fcbdd83f",
            "description": "Allow Redis from app only",
            "egress": [
              {
                "cidr_blocks": [
                  "0.0.0.0/0"
                ],
                "description": "",
                "from_port": 0,
                "ipv6_cidr_blocks": [],
                "prefix_list_ids": [],
                "protocol": "-1",
                "security_groups": [],
                "self": false,
                "to_port": 0
              }
            ],
            "id": "sg-0520c7162fcbdd83f",
            "ingress": [
              {
                "cidr_blocks": [],
                "description": "Redis from app only",
                "from_port": 6379,
                "ipv6_cidr_blocks": [],
                "prefix_list_ids": [],
                "protocol": "tcp",
                "security_groups": [
                  "sg-048238ac741b4e113"
                ],
                "self": false,
                "to_port": 6379
              }
            ],
            "name": "url-shortener-dev-redis-2026050311495828970000000a",
            "name_prefix": "url-shortener-dev-redis-",
            "owner_id": "028597908062",
            "revoke_rules_on_delete": false,
            "tags": {
              "CreatedBy": "Chetan",
              "Environment": "dev",
              "ManagedBy": "terraform",
              "Name": "url-shortener-dev-redis-sg",
              "Project": "url-shortener"
            },
            "tags_all": {
              "CreatedBy": "Chetan",
              "Environment": "dev",
              "ManagedBy": "terraform",
              "Name": "url-shortener-dev-redis-sg",
              "Project": "url-shortener"
            },
            "timeouts": null,
            "vpc_id": "vpc-006cfd1f175715fe0"
          },
          "sensitive_attributes": [],
          "identity_schema_version": 0,
          "private": "eyJlMmJmYjczMC1lY2FhLTExZTYtOGY4OC0zNDM2M2JjN2M0YzAiOnsiY3JlYXRlIjo2MDAwMDAwMDAwMDAsImRlbGV0ZSI6OTAwMDAwMDAwMDAwfSwic2NoZW1hX3ZlcnNpb24iOiIxIn0=",
          "dependencies": [
            "module.security.aws_security_group.alb",
            "module.security.aws_security_group.app",
            "module.vpc.aws_vpc.main"
          ],
          "create_before_destroy": true
        }
      ]
    },
    {
      "module": "module.vpc",
      "mode": "managed",
      "type": "aws_internet_gateway",
      "name": "main",
      "provider": "provider[\"registry.terraform.io/hashicorp/aws\"]",
      "instances": [
        {
          "schema_version": 0,
          "attributes": {
            "arn": "arn:aws:ec2:eu-north-1:028597908062:internet-gateway/igw-02ba7130ea10f3b29",
            "id": "igw-02ba7130ea10f3b29",
            "owner_id": "028597908062",
            "tags": {
              "CreatedBy": "Chetan",
              "Environment": "dev",
              "ManagedBy": "terraform",
              "Name": "url-shortener-dev-igw",
              "Project": "url-shortener"
            },
            "tags_all": {
              "CreatedBy": "Chetan",
              "Environment": "dev",
              "ManagedBy": "terraform",
              "Name": "url-shortener-dev-igw",
              "Project": "url-shortener"
            },
            "timeouts": null,
            "vpc_id": "vpc-006cfd1f175715fe0"
          },
          "sensitive_attributes": [],
          "identity_schema_version": 0,
          "private": "eyJlMmJmYjczMC1lY2FhLTExZTYtOGY4OC0zNDM2M2JjN2M0YzAiOnsiY3JlYXRlIjoxMjAwMDAwMDAwMDAwLCJkZWxldGUiOjEyMDAwMDAwMDAwMDAsInVwZGF0ZSI6MTIwMDAwMDAwMDAwMH19",
          "dependencies": [
            "module.vpc.aws_vpc.main"
          ]
        }
      ]
    },
    {
      "module": "module.vpc",
      "mode": "managed",
      "type": "aws_route_table",
      "name": "private",
      "provider": "provider[\"registry.terraform.io/hashicorp/aws\"]",
      "instances": [
        {
          "schema_version": 0,
          "attributes": {
            "arn": "arn:aws:ec2:eu-north-1:028597908062:route-table/rtb-0f381b516b9058a3f",
            "id": "rtb-0f381b516b9058a3f",
            "owner_id": "028597908062",
            "propagating_vgws": [],
            "route": [],
            "tags": {
              "CreatedBy": "Chetan",
              "Environment": "dev",
              "ManagedBy": "terraform",
              "Name": "url-shortener-dev-private-rt",
              "Project": "url-shortener"
            },
            "tags_all": {
              "CreatedBy": "Chetan",
              "Environment": "dev",
              "ManagedBy": "terraform",
              "Name": "url-shortener-dev-private-rt",
              "Project": "url-shortener"
            },
            "timeouts": null,
            "vpc_id": "vpc-006cfd1f175715fe0"
          },
          "sensitive_attributes": [],
          "identity_schema_version": 0,
          "private": "eyJlMmJmYjczMC1lY2FhLTExZTYtOGY4OC0zNDM2M2JjN2M0YzAiOnsiY3JlYXRlIjozMDAwMDAwMDAwMDAsImRlbGV0ZSI6MzAwMDAwMDAwMDAwLCJ1cGRhdGUiOjEyMDAwMDAwMDAwMH19",
          "dependencies": [
            "module.vpc.aws_vpc.main"
          ]
        }
      ]
    },
    {
      "module": "module.vpc",
      "mode": "managed",
      "type": "aws_route_table",
      "name": "public",
      "provider": "provider[\"registry.terraform.io/hashicorp/aws\"]",
      "instances": [
        {
          "schema_version": 0,
          "attributes": {
            "arn": "arn:aws:ec2:eu-north-1:028597908062:route-table/rtb-01f5ab57595b806b3",
            "id": "rtb-01f5ab57595b806b3",
            "owner_id": "028597908062",
            "propagating_vgws": [],
            "route": [
              {
                "carrier_gateway_id": "",
                "cidr_block": "0.0.0.0/0",
                "core_network_arn": "",
                "destination_prefix_list_id": "",
                "egress_only_gateway_id": "",
                "gateway_id": "igw-02ba7130ea10f3b29",
                "ipv6_cidr_block": "",
                "local_gateway_id": "",
                "nat_gateway_id": "",
                "network_interface_id": "",
                "transit_gateway_id": "",
                "vpc_endpoint_id": "",
                "vpc_peering_connection_id": ""
              }
            ],
            "tags": {
              "CreatedBy": "Chetan",
              "Environment": "dev",
              "ManagedBy": "terraform",
              "Name": "url-shortener-dev-public-rt",
              "Project": "url-shortener"
            },
            "tags_all": {
              "CreatedBy": "Chetan",
              "Environment": "dev",
              "ManagedBy": "terraform",
              "Name": "url-shortener-dev-public-rt",
              "Project": "url-shortener"
            },
            "timeouts": null,
            "vpc_id": "vpc-006cfd1f175715fe0"
          },
          "sensitive_attributes": [],
          "identity_schema_version": 0,
          "private": "eyJlMmJmYjczMC1lY2FhLTExZTYtOGY4OC0zNDM2M2JjN2M0YzAiOnsiY3JlYXRlIjozMDAwMDAwMDAwMDAsImRlbGV0ZSI6MzAwMDAwMDAwMDAwLCJ1cGRhdGUiOjEyMDAwMDAwMDAwMH19",
          "dependencies": [
            "module.vpc.aws_internet_gateway.main",
            "module.vpc.aws_vpc.main"
          ]
        }
      ]
    },
    {
      "module": "module.vpc",
      "mode": "managed",
      "type": "aws_route_table_association",
      "name": "private",
      "provider": "provider[\"registry.terraform.io/hashicorp/aws\"]",
      "instances": [
        {
          "index_key": 0,
          "schema_version": 0,
          "attributes": {
            "gateway_id": "",
            "id": "rtbassoc-09f6de5c71b963262",
            "route_table_id": "rtb-0f381b516b9058a3f",
            "subnet_id": "subnet-0cdff99c65edd43a5",
            "timeouts": null
          },
          "sensitive_attributes": [],
          "identity_schema_version": 0,
          "private": "eyJlMmJmYjczMC1lY2FhLTExZTYtOGY4OC0zNDM2M2JjN2M0YzAiOnsiY3JlYXRlIjozMDAwMDAwMDAwMDAsImRlbGV0ZSI6MzAwMDAwMDAwMDAwLCJ1cGRhdGUiOjEyMDAwMDAwMDAwMH19",
          "dependencies": [
            "module.vpc.aws_route_table.private",
            "module.vpc.aws_subnet.private",
            "module.vpc.aws_vpc.main"
          ]
        },
        {
          "index_key": 1,
          "schema_version": 0,
          "attributes": {
            "gateway_id": "",
            "id": "rtbassoc-0940fbb74dc97888f",
            "route_table_id": "rtb-0f381b516b9058a3f",
            "subnet_id": "subnet-062c197e7102633f8",
            "timeouts": null
          },
          "sensitive_attributes": [],
          "identity_schema_version": 0,
          "private": "eyJlMmJmYjczMC1lY2FhLTExZTYtOGY4OC0zNDM2M2JjN2M0YzAiOnsiY3JlYXRlIjozMDAwMDAwMDAwMDAsImRlbGV0ZSI6MzAwMDAwMDAwMDAwLCJ1cGRhdGUiOjEyMDAwMDAwMDAwMH19",
          "dependencies": [
            "module.vpc.aws_route_table.private",
            "module.vpc.aws_subnet.private",
            "module.vpc.aws_vpc.main"
          ]
        }
      ]
    },
    {
      "module": "module.vpc",
      "mode": "managed",
      "type": "aws_route_table_association",
      "name": "public",
      "provider": "provider[\"registry.terraform.io/hashicorp/aws\"]",
      "instances": [
        {
          "index_key": 0,
          "schema_version": 0,
          "attributes": {
            "gateway_id": "",
            "id": "rtbassoc-0a946a4ab0861f353",
            "route_table_id": "rtb-01f5ab57595b806b3",
            "subnet_id": "subnet-0879bc93d46374b70",
            "timeouts": null
          },
          "sensitive_attributes": [],
          "identity_schema_version": 0,
          "private": "eyJlMmJmYjczMC1lY2FhLTExZTYtOGY4OC0zNDM2M2JjN2M0YzAiOnsiY3JlYXRlIjozMDAwMDAwMDAwMDAsImRlbGV0ZSI6MzAwMDAwMDAwMDAwLCJ1cGRhdGUiOjEyMDAwMDAwMDAwMH19",
          "dependencies": [
            "module.vpc.aws_internet_gateway.main",
            "module.vpc.aws_route_table.public",
            "module.vpc.aws_subnet.public",
            "module.vpc.aws_vpc.main"
          ]
        },
        {
          "index_key": 1,
          "schema_version": 0,
          "attributes": {
            "gateway_id": "",
            "id": "rtbassoc-08060ad9c5bf158e2",
            "route_table_id": "rtb-01f5ab57595b806b3",
            "subnet_id": "subnet-04c79cb2fe4cde232",
            "timeouts": null
          },
          "sensitive_attributes": [],
          "identity_schema_version": 0,
          "private": "eyJlMmJmYjczMC1lY2FhLTExZTYtOGY4OC0zNDM2M2JjN2M0YzAiOnsiY3JlYXRlIjozMDAwMDAwMDAwMDAsImRlbGV0ZSI6MzAwMDAwMDAwMDAwLCJ1cGRhdGUiOjEyMDAwMDAwMDAwMH19",
          "dependencies": [
            "module.vpc.aws_internet_gateway.main",
            "module.vpc.aws_route_table.public",
            "module.vpc.aws_subnet.public",
            "module.vpc.aws_vpc.main"
          ]
        }
      ]
    },
    {
      "module": "module.vpc",
      "mode": "managed",
      "type": "aws_subnet",
      "name": "private",
      "provider": "provider[\"registry.terraform.io/hashicorp/aws\"]",
      "instances": [
        {
          "index_key": 0,
          "schema_version": 1,
          "attributes": {
            "arn": "arn:aws:ec2:eu-north-1:028597908062:subnet/subnet-0cdff99c65edd43a5",
            "assign_ipv6_address_on_creation": false,
            "availability_zone": "eu-north-1a",
            "availability_zone_id": "eun1-az1",
            "cidr_block": "10.0.10.0/24",
            "customer_owned_ipv4_pool": "",
            "enable_dns64": false,
            "enable_lni_at_device_index": 0,
            "enable_resource_name_dns_a_record_on_launch": false,
            "enable_resource_name_dns_aaaa_record_on_launch": false,
            "id": "subnet-0cdff99c65edd43a5",
            "ipv6_cidr_block": "",
            "ipv6_cidr_block_association_id": "",
            "ipv6_native": false,
            "map_customer_owned_ip_on_launch": false,
            "map_public_ip_on_launch": false,
            "outpost_arn": "",
            "owner_id": "028597908062",
            "private_dns_hostname_type_on_launch": "ip-name",
            "tags": {
              "CreatedBy": "Chetan",
              "Environment": "dev",
              "ManagedBy": "terraform",
              "Name": "url-shortener-dev-private-eu-north-1a",
              "Project": "url-shortener",
              "Tier": "private"
            },
            "tags_all": {
              "CreatedBy": "Chetan",
              "Environment": "dev",
              "ManagedBy": "terraform",
              "Name": "url-shortener-dev-private-eu-north-1a",
              "Project": "url-shortener",
              "Tier": "private"
            },
            "timeouts": null,
            "vpc_id": "vpc-006cfd1f175715fe0"
          },
          "sensitive_attributes": [],
          "identity_schema_version": 0,
          "private": "eyJlMmJmYjczMC1lY2FhLTExZTYtOGY4OC0zNDM2M2JjN2M0YzAiOnsiY3JlYXRlIjo2MDAwMDAwMDAwMDAsImRlbGV0ZSI6MTIwMDAwMDAwMDAwMH0sInNjaGVtYV92ZXJzaW9uIjoiMSJ9",
          "dependencies": [
            "module.vpc.aws_vpc.main"
          ]
        },
        {
          "index_key": 1,
          "schema_version": 1,
          "attributes": {
            "arn": "arn:aws:ec2:eu-north-1:028597908062:subnet/subnet-062c197e7102633f8",
            "assign_ipv6_address_on_creation": false,
            "availability_zone": "eu-north-1b",
            "availability_zone_id": "eun1-az2",
            "cidr_block": "10.0.11.0/24",
            "customer_owned_ipv4_pool": "",
            "enable_dns64": false,
            "enable_lni_at_device_index": 0,
            "enable_resource_name_dns_a_record_on_launch": false,
            "enable_resource_name_dns_aaaa_record_on_launch": false,
            "id": "subnet-062c197e7102633f8",
            "ipv6_cidr_block": "",
            "ipv6_cidr_block_association_id": "",
            "ipv6_native": false,
            "map_customer_owned_ip_on_launch": false,
            "map_public_ip_on_launch": false,
            "outpost_arn": "",
            "owner_id": "028597908062",
            "private_dns_hostname_type_on_launch": "ip-name",
            "tags": {
              "CreatedBy": "Chetan",
              "Environment": "dev",
              "ManagedBy": "terraform",
              "Name": "url-shortener-dev-private-eu-north-1b",
              "Project": "url-shortener",
              "Tier": "private"
            },
            "tags_all": {
              "CreatedBy": "Chetan",
              "Environment": "dev",
              "ManagedBy": "terraform",
              "Name": "url-shortener-dev-private-eu-north-1b",
              "Project": "url-shortener",
              "Tier": "private"
            },
            "timeouts": null,
            "vpc_id": "vpc-006cfd1f175715fe0"
          },
          "sensitive_attributes": [],
          "identity_schema_version": 0,
          "private": "eyJlMmJmYjczMC1lY2FhLTExZTYtOGY4OC0zNDM2M2JjN2M0YzAiOnsiY3JlYXRlIjo2MDAwMDAwMDAwMDAsImRlbGV0ZSI6MTIwMDAwMDAwMDAwMH0sInNjaGVtYV92ZXJzaW9uIjoiMSJ9",
          "dependencies": [
            "module.vpc.aws_vpc.main"
          ]
        }
      ]
    },
    {
      "module": "module.vpc",
      "mode": "managed",
      "type": "aws_subnet",
      "name": "public",
      "provider": "provider[\"registry.terraform.io/hashicorp/aws\"]",
      "instances": [
        {
          "index_key": 0,
          "schema_version": 1,
          "attributes": {
            "arn": "arn:aws:ec2:eu-north-1:028597908062:subnet/subnet-0879bc93d46374b70",
            "assign_ipv6_address_on_creation": false,
            "availability_zone": "eu-north-1a",
            "availability_zone_id": "eun1-az1",
            "cidr_block": "10.0.0.0/24",
            "customer_owned_ipv4_pool": "",
            "enable_dns64": false,
            "enable_lni_at_device_index": 0,
            "enable_resource_name_dns_a_record_on_launch": false,
            "enable_resource_name_dns_aaaa_record_on_launch": false,
            "id": "subnet-0879bc93d46374b70",
            "ipv6_cidr_block": "",
            "ipv6_cidr_block_association_id": "",
            "ipv6_native": false,
            "map_customer_owned_ip_on_launch": false,
            "map_public_ip_on_launch": true,
            "outpost_arn": "",
            "owner_id": "028597908062",
            "private_dns_hostname_type_on_launch": "ip-name",
            "tags": {
              "CreatedBy": "Chetan",
              "Environment": "dev",
              "ManagedBy": "terraform",
              "Name": "url-shortener-dev-public-eu-north-1a",
              "Project": "url-shortener",
              "Tier": "public"
            },
            "tags_all": {
              "CreatedBy": "Chetan",
              "Environment": "dev",
              "ManagedBy": "terraform",
              "Name": "url-shortener-dev-public-eu-north-1a",
              "Project": "url-shortener",
              "Tier": "public"
            },
            "timeouts": null,
            "vpc_id": "vpc-006cfd1f175715fe0"
          },
          "sensitive_attributes": [],
          "identity_schema_version": 0,
          "private": "eyJlMmJmYjczMC1lY2FhLTExZTYtOGY4OC0zNDM2M2JjN2M0YzAiOnsiY3JlYXRlIjo2MDAwMDAwMDAwMDAsImRlbGV0ZSI6MTIwMDAwMDAwMDAwMH0sInNjaGVtYV92ZXJzaW9uIjoiMSJ9",
          "dependencies": [
            "module.vpc.aws_vpc.main"
          ],
          "create_before_destroy": true
        },
        {
          "index_key": 1,
          "schema_version": 1,
          "attributes": {
            "arn": "arn:aws:ec2:eu-north-1:028597908062:subnet/subnet-04c79cb2fe4cde232",
            "assign_ipv6_address_on_creation": false,
            "availability_zone": "eu-north-1b",
            "availability_zone_id": "eun1-az2",
            "cidr_block": "10.0.1.0/24",
            "customer_owned_ipv4_pool": "",
            "enable_dns64": false,
            "enable_lni_at_device_index": 0,
            "enable_resource_name_dns_a_record_on_launch": false,
            "enable_resource_name_dns_aaaa_record_on_launch": false,
            "id": "subnet-04c79cb2fe4cde232",
            "ipv6_cidr_block": "",
            "ipv6_cidr_block_association_id": "",
            "ipv6_native": false,
            "map_customer_owned_ip_on_launch": false,
            "map_public_ip_on_launch": true,
            "outpost_arn": "",
            "owner_id": "028597908062",
            "private_dns_hostname_type_on_launch": "ip-name",
            "tags": {
              "CreatedBy": "Chetan",
              "Environment": "dev",
              "ManagedBy": "terraform",
              "Name": "url-shortener-dev-public-eu-north-1b",
              "Project": "url-shortener",
              "Tier": "public"
            },
            "tags_all": {
              "CreatedBy": "Chetan",
              "Environment": "dev",
              "ManagedBy": "terraform",
              "Name": "url-shortener-dev-public-eu-north-1b",
              "Project": "url-shortener",
              "Tier": "public"
            },
            "timeouts": null,
            "vpc_id": "vpc-006cfd1f175715fe0"
          },
          "sensitive_attributes": [],
          "identity_schema_version": 0,
          "private": "eyJlMmJmYjczMC1lY2FhLTExZTYtOGY4OC0zNDM2M2JjN2M0YzAiOnsiY3JlYXRlIjo2MDAwMDAwMDAwMDAsImRlbGV0ZSI6MTIwMDAwMDAwMDAwMH0sInNjaGVtYV92ZXJzaW9uIjoiMSJ9",
          "dependencies": [
            "module.vpc.aws_vpc.main"
          ],
          "create_before_destroy": true
        }
      ]
    },
    {
      "module": "module.vpc",
      "mode": "managed",
      "type": "aws_vpc",
      "name": "main",
      "provider": "provider[\"registry.terraform.io/hashicorp/aws\"]",
      "instances": [
        {
          "schema_version": 1,
          "attributes": {
            "arn": "arn:aws:ec2:eu-north-1:028597908062:vpc/vpc-006cfd1f175715fe0",
            "assign_generated_ipv6_cidr_block": false,
            "cidr_block": "10.0.0.0/16",
            "default_network_acl_id": "acl-0b07c991350228ff5",
            "default_route_table_id": "rtb-0a993fbb47cbfa63f",
            "default_security_group_id": "sg-0e828f9efd67c59e1",
            "dhcp_options_id": "dopt-0f4c40720e7c8f83c",
            "enable_dns_hostnames": true,
            "enable_dns_support": true,
            "enable_network_address_usage_metrics": false,
            "id": "vpc-006cfd1f175715fe0",
            "instance_tenancy": "default",
            "ipv4_ipam_pool_id": null,
            "ipv4_netmask_length": null,
            "ipv6_association_id": "",
            "ipv6_cidr_block": "",
            "ipv6_cidr_block_network_border_group": "",
            "ipv6_ipam_pool_id": "",
            "ipv6_netmask_length": 0,
            "main_route_table_id": "rtb-0a993fbb47cbfa63f",
            "owner_id": "028597908062",
            "tags": {
              "CreatedBy": "Chetan",
              "Environment": "dev",
              "ManagedBy": "terraform",
              "Name": "url-shortener-dev-vpc",
              "Project": "url-shortener"
            },
            "tags_all": {
              "CreatedBy": "Chetan",
              "Environment": "dev",
              "ManagedBy": "terraform",
              "Name": "url-shortener-dev-vpc",
              "Project": "url-shortener"
            }
          },
          "sensitive_attributes": [],
          "identity_schema_version": 0,
          "private": "eyJzY2hlbWFfdmVyc2lvbiI6IjEifQ==",
          "create_before_destroy": true
        }
      ]
    }
  ],
  "check_results": null
}
